
Microsoft Visual Studio Solution File, Format Version 12.00
# Visual Studio Version 16
VisualStudioVersion = 16.0.809.6
MinimumVisualStudioVersion = 10.0.40219.1
Project("{FAE04EC0-301F-11D3-BF4B-00C04F79EFBC}") = "Organization-Service", "Organization-Service.csproj", "{636A5383-966E-4CD0-80C7-4CF4AC1B64A1}"
EndProject
Project("{E53339B2-1760-4266-BCC7-CA923CBCF16C}") = "docker-compose", "docker-compose.dcproj", "{2B76C07C-811C-4CDC-99E8-D78657F9DD38}"
EndProject
Global
	GlobalSection(SolutionConfigurationPlatforms) = preSolution
		Debug|Any CPU = Debug|Any CPU
		Release|Any CPU = Release|Any CPU
	EndGlobalSection
	GlobalSection(ProjectConfigurationPlatforms) = postSolution
		{636A5383-966E-4CD0-80C7-4CF4AC1B64A1}.Debug|Any CPU.ActiveCfg = Debug|Any CPU
		{636A5383-966E-4CD0-80C7-4CF4AC1B64A1}.Debug|Any CPU.Build.0 = Debug|Any CPU
		{636A5383-966E-4CD0-80C7-4CF4AC1B64A1}.Release|Any CPU.ActiveCfg = Release|Any CPU
		{636A5383-966E-4CD0-80C7-4CF4AC1B64A1}.Release|Any CPU.Build.0 = Release|Any CPU
		{2B76C07C-811C-4CDC-99E8-D78657F9DD38}.Debug|Any CPU.ActiveCfg = Debug|Any CPU
		{2B76C07C-811C-4CDC-99E8-D78657F9DD38}.Debug|Any CPU.Build.0 = Debug|Any CPU
		{2B76C07C-811C-4CDC-99E8-D78657F9DD38}.Release|Any CPU.ActiveCfg = Release|Any CPU
		{2B76C07C-811C-4CDC-99E8-D78657F9DD38}.Release|Any CPU.Build.0 = Release|Any CPU
	EndGlobalSection
	GlobalSection(SolutionProperties) = preSolution
		HideSolutionNode = FALSE
	EndGlobalSection
	GlobalSection(ExtensibilityGlobals) = postSolution
		SolutionGuid = {4460F05E-A013-43FE-B60B-F828F7AFA44D}
	EndGlobalSection
EndGlobal
